
Microsoft Visual Studio Solution File, Format Version 12.00
# Visual Studio 2013
VisualStudioVersion = 12.0.31101.0
MinimumVisualStudioVersion = 10.0.40219.1
Project("{FAE04EC0-301F-11D3-BF4B-00C04F79EFBC}") = "DataAccess", "DataAccess\DataAccess.csproj", "{A3D8E50C-4EB3-4B75-91FA-73A5901BFF69}"
EndProject
Project("{FAE04EC0-301F-11D3-BF4B-00C04F79EFBC}") = "Entity", "Entity\Entity.csproj", "{EC4BB4FE-5273-452E-97F8-64ECA4C75D8F}"
EndProject
Project("{FAE04EC0-301F-11D3-BF4B-00C04F79EFBC}") = "Repository", "Repository\Repository.csproj", "{FDBF5C1F-2AE2-42E3-ADAC-9CDED31AF2C8}"
EndProject
Project("{FAE04EC0-301F-11D3-BF4B-00C04F79EFBC}") = "Utility", "Utility\Utility.csproj", "{B6941C42-C1A4-4B01-892B-9E275A35F393}"
EndProject
Project("{FAE04EC0-301F-11D3-BF4B-00C04F79EFBC}") = "Web", "Web\Web.csproj", "{2681B523-B8C3-4A65-9160-EF3ECB8A9E1F}"
EndProject
Project("{FAE04EC0-301F-11D3-BF4B-00C04F79EFBC}") = "BookItAdmin", "BookItAdmin\BookItAdmin.csproj", "{A0F5E55A-FAC6-44EA-9DD9-E101A54A832F}"
EndProject
Project("{2150E333-8FDC-42A3-9474-1A3956D46DE8}") = ".nuget", ".nuget", "{075284BB-9612-4A3E-B3A7-BFB090D3E5F8}"
	ProjectSection(SolutionItems) = preProject
		.nuget\NuGet.Config = .nuget\NuGet.Config
		.nuget\NuGet.exe = .nuget\NuGet.exe
		.nuget\NuGet.targets = .nuget\NuGet.targets
	EndProjectSection
EndProject
Global
	GlobalSection(SolutionConfigurationPlatforms) = preSolution
		Debug|Any CPU = Debug|Any CPU
		Release|Any CPU = Release|Any CPU
	EndGlobalSection
	GlobalSection(ProjectConfigurationPlatforms) = postSolution
		{A3D8E50C-4EB3-4B75-91FA-73A5901BFF69}.Debug|Any CPU.ActiveCfg = Debug|Any CPU
		{A3D8E50C-4EB3-4B75-91FA-73A5901BFF69}.Debug|Any CPU.Build.0 = Debug|Any CPU
		{A3D8E50C-4EB3-4B75-91FA-73A5901BFF69}.Release|Any CPU.ActiveCfg = Release|Any CPU
		{A3D8E50C-4EB3-4B75-91FA-73A5901BFF69}.Release|Any CPU.Build.0 = Release|Any CPU
		{EC4BB4FE-5273-452E-97F8-64ECA4C75D8F}.Debug|Any CPU.ActiveCfg = Debug|Any CPU
		{EC4BB4FE-5273-452E-97F8-64ECA4C75D8F}.Debug|Any CPU.Build.0 = Debug|Any CPU
		{EC4BB4FE-5273-452E-97F8-64ECA4C75D8F}.Release|Any CPU.ActiveCfg = Release|Any CPU
		{EC4BB4FE-5273-452E-97F8-64ECA4C75D8F}.Release|Any CPU.Build.0 = Release|Any CPU
		{FDBF5C1F-2AE2-42E3-ADAC-9CDED31AF2C8}.Debug|Any CPU.ActiveCfg = Debug|Any CPU
		{FDBF5C1F-2AE2-42E3-ADAC-9CDED31AF2C8}.Debug|Any CPU.Build.0 = Debug|Any CPU
		{FDBF5C1F-2AE2-42E3-ADAC-9CDED31AF2C8}.Release|Any CPU.ActiveCfg = Release|Any CPU
		{FDBF5C1F-2AE2-42E3-ADAC-9CDED31AF2C8}.Release|Any CPU.Build.0 = Release|Any CPU
		{B6941C42-C1A4-4B01-892B-9E275A35F393}.Debug|Any CPU.ActiveCfg = Debug|Any CPU
		{B6941C42-C1A4-4B01-892B-9E275A35F393}.Debug|Any CPU.Build.0 = Debug|Any CPU
		{B6941C42-C1A4-4B01-892B-9E275A35F393}.Release|Any CPU.ActiveCfg = Release|Any CPU
		{B6941C42-C1A4-4B01-892B-9E275A35F393}.Release|Any CPU.Build.0 = Release|Any CPU
		{2681B523-B8C3-4A65-9160-EF3ECB8A9E1F}.Debug|Any CPU.ActiveCfg = Debug|Any CPU
		{2681B523-B8C3-4A65-9160-EF3ECB8A9E1F}.Debug|Any CPU.Build.0 = Debug|Any CPU
		{2681B523-B8C3-4A65-9160-EF3ECB8A9E1F}.Release|Any CPU.ActiveCfg = Release|Any CPU
		{2681B523-B8C3-4A65-9160-EF3ECB8A9E1F}.Release|Any CPU.Build.0 = Release|Any CPU
		{A0F5E55A-FAC6-44EA-9DD9-E101A54A832F}.Debug|Any CPU.ActiveCfg = Debug|Any CPU
		{A0F5E55A-FAC6-44EA-9DD9-E101A54A832F}.Debug|Any CPU.Build.0 = Debug|Any CPU
		{A0F5E55A-FAC6-44EA-9DD9-E101A54A832F}.Release|Any CPU.ActiveCfg = Release|Any CPU
		{A0F5E55A-FAC6-44EA-9DD9-E101A54A832F}.Release|Any CPU.Build.0 = Release|Any CPU
	EndGlobalSection
	GlobalSection(SolutionProperties) = preSolution
		HideSolutionNode = FALSE
	EndGlobalSection
EndGlobal
